
Microsoft Visual Studio Solution File, Format Version 12.00
# Visual Studio 2012
Project("{FAE04EC0-301F-11D3-BF4B-00C04F79EFBC}") = "CustomerManagerV2", "CustomerManagerV2\CustomerManagerV2.csproj", "{9ECF5157-B03F-401C-9858-4E1B4FB6F5C2}"
EndProject
Global
	GlobalSection(SolutionConfigurationPlatforms) = preSolution
		Debug|Any CPU = Debug|Any CPU
		Release|Any CPU = Release|Any CPU
	EndGlobalSection
	GlobalSection(ProjectConfigurationPlatforms) = postSolution
		{9ECF5157-B03F-401C-9858-4E1B4FB6F5C2}.Debug|Any CPU.ActiveCfg = Debug|Any CPU
		{9ECF5157-B03F-401C-9858-4E1B4FB6F5C2}.Debug|Any CPU.Build.0 = Debug|Any CPU
		{9ECF5157-B03F-401C-9858-4E1B4FB6F5C2}.Release|Any CPU.ActiveCfg = Release|Any CPU
		{9ECF5157-B03F-401C-9858-4E1B4FB6F5C2}.Release|Any CPU.Build.0 = Release|Any CPU
	EndGlobalSection
	GlobalSection(SolutionProperties) = preSolution
		HideSolutionNode = FALSE
	EndGlobalSection
EndGlobal
